{
  "name": "html-rep-Builder",
  "lockfileVersion": 3,
  "requires": true,
  "packages": {
    "": {
      "dependencies": {
        "chessground": "^9.0.4",
        "jquery": "^3.7.1"
      }
    },
    "node_modules/chessground": {
      "version": "9.0.4",
      "resolved": "https://registry.npmjs.org/chessground/-/chessground-9.0.4.tgz",
      "integrity": "sha512-KeZd/kcXSKQOGO6LOKu/3bAyVSMh7hgPPharMF15HMfNlHfcBpIVZIDAQRO2PNaNMzPWl0LKc05uFHt0D+lZGA==",
      "funding": {
        "url": "https://lichess.org/patron"
      }
    },
    "node_modules/jquery": {
      "version": "3.7.1",
      "resolved": "https://registry.npmjs.org/jquery/-/jquery-3.7.1.tgz",
      "integrity": "sha512-m4avr8yL8kmFN8psrbFFFmB/If14iN5o9nw/NgnnM+kybDJpRsAynV2BsfpTYrTRysYUdADVD7CkUUizgkpLfg=="
    }
  }
}
