{
  "name": "html-rep-builder",
  "lockfileVersion": 3,
  "requires": true,
  "packages": {
    "": {
      "dependencies": {
        "chessground": "^9.0.4",
        "jquery": "^3.7.1"
      },
      "devDependencies": {
        "@types/jquery": "^3.5.27"
      }
    },
    "node_modules/@types/jquery": {
      "version": "3.5.27",
      "resolved": "https://registry.npmjs.org/@types/jquery/-/jquery-3.5.27.tgz",
      "integrity": "sha512-TR28Y8ezIGgfyA02UOh9x+Fy16/1qWYAnvtRd2gTBJuccX/vmddyti0MezLkTv7f+OLofVc2T961VPyKv1tXJQ==",
      "dev": true,
      "dependencies": {
        "@types/sizzle": "*"
      }
    },
    "node_modules/@types/sizzle": {
      "version": "2.3.6",
      "resolved": "https://registry.npmjs.org/@types/sizzle/-/sizzle-2.3.6.tgz",
      "integrity": "sha512-m04Om5Gz6kbjUwAQ7XJJQ30OdEFsSmAVsvn4NYwcTRyMVpKKa1aPuESw1n2CxS5fYkOQv3nHgDKeNa8e76fUkw==",
      "dev": true
    },
    "node_modules/chessground": {
      "version": "9.0.4",
      "resolved": "https://registry.npmjs.org/chessground/-/chessground-9.0.4.tgz",
      "integrity": "sha512-KeZd/kcXSKQOGO6LOKu/3bAyVSMh7hgPPharMF15HMfNlHfcBpIVZIDAQRO2PNaNMzPWl0LKc05uFHt0D+lZGA==",
      "funding": {
        "url": "https://lichess.org/patron"
      }
    },
    "node_modules/jquery": {
      "version": "3.7.1",
      "resolved": "https://registry.npmjs.org/jquery/-/jquery-3.7.1.tgz",
      "integrity": "sha512-m4avr8yL8kmFN8psrbFFFmB/If14iN5o9nw/NgnnM+kybDJpRsAynV2BsfpTYrTRysYUdADVD7CkUUizgkpLfg=="
    }
  }
}
